// !$*UTF8*$!
{
	archiveVersion = 1;
	classes = {
	};
	objectVersion = 56;
	objects = {

/* Begin PBXBuildFile section */
		4313EA352B1BA67D00939C95 /* DropDownMenuView.swift in Sources */ = {isa = PBXBuildFile; fileRef = 4313EA342B1BA67D00939C95 /* DropDownMenuView.swift */; };
		4313EA382B1BAF8500939C95 /* BoundsPreference.swift in Sources */ = {isa = PBXBuildFile; fileRef = 4313EA372B1BAF8500939C95 /* BoundsPreference.swift */; };
		4313EA3A2B1BB1D100939C95 /* DropDownModifier.swift in Sources */ = {isa = PBXBuildFile; fileRef = 4313EA392B1BB1D100939C95 /* DropDownModifier.swift */; };
		4313EA3D2B1BB24F00939C95 /* DropDownManager.swift in Sources */ = {isa = PBXBuildFile; fileRef = 4313EA3C2B1BB24F00939C95 /* DropDownManager.swift */; };
		438B7B5B2B1B592400EB2EAB /* Opinion.swift in Sources */ = {isa = PBXBuildFile; fileRef = 438B7B5A2B1B592400EB2EAB /* Opinion.swift */; };
		438B7B602B1B595900EB2EAB /* DropDownListView.swift in Sources */ = {isa = PBXBuildFile; fileRef = 438B7B5F2B1B595900EB2EAB /* DropDownListView.swift */; };
		438B7B622B1B598900EB2EAB /* DropDownRowView.swift in Sources */ = {isa = PBXBuildFile; fileRef = 438B7B612B1B598900EB2EAB /* DropDownRowView.swift */; };
		438B7B652B1B59C500EB2EAB /* DropDownButtonStyle.swift in Sources */ = {isa = PBXBuildFile; fileRef = 438B7B642B1B59C500EB2EAB /* DropDownButtonStyle.swift */; };
		43BBB5B72B1B3F0500901BE8 /* DropDownListApp.swift in Sources */ = {isa = PBXBuildFile; fileRef = 43BBB5B62B1B3F0500901BE8 /* DropDownListApp.swift */; };
		43BBB5B92B1B3F0500901BE8 /* ContentView.swift in Sources */ = {isa = PBXBuildFile; fileRef = 43BBB5B82B1B3F0500901BE8 /* ContentView.swift */; };
		43BBB5BB2B1B3F0600901BE8 /* Assets.xcassets in Resources */ = {isa = PBXBuildFile; fileRef = 43BBB5BA2B1B3F0600901BE8 /* Assets.xcassets */; };
		43BBB5BE2B1B3F0600901BE8 /* Preview Assets.xcassets in Resources */ = {isa = PBXBuildFile; fileRef = 43BBB5BD2B1B3F0600901BE8 /* Preview Assets.xcassets */; };
/* End PBXBuildFile section */

/* Begin PBXFileReference section */
		4313EA342B1BA67D00939C95 /* DropDownMenuView.swift */ = {isa = PBXFileReference; lastKnownFileType = sourcecode.swift; path = DropDownMenuView.swift; sourceTree = "<group>"; };
		4313EA372B1BAF8500939C95 /* BoundsPreference.swift */ = {isa = PBXFileReference; lastKnownFileType = sourcecode.swift; path = BoundsPreference.swift; sourceTree = "<group>"; };
		4313EA392B1BB1D100939C95 /* DropDownModifier.swift */ = {isa = PBXFileReference; lastKnownFileType = sourcecode.swift; path = DropDownModifier.swift; sourceTree = "<group>"; };
		4313EA3C2B1BB24F00939C95 /* DropDownManager.swift */ = {isa = PBXFileReference; lastKnownFileType = sourcecode.swift; path = DropDownManager.swift; sourceTree = "<group>"; };
		438B7B5A2B1B592400EB2EAB /* Opinion.swift */ = {isa = PBXFileReference; lastKnownFileType = sourcecode.swift; path = Opinion.swift; sourceTree = "<group>"; };
		438B7B5F2B1B595900EB2EAB /* DropDownListView.swift */ = {isa = PBXFileReference; lastKnownFileType = sourcecode.swift; path = DropDownListView.swift; sourceTree = "<group>"; };
		438B7B612B1B598900EB2EAB /* DropDownRowView.swift */ = {isa = PBXFileReference; lastKnownFileType = sourcecode.swift; path = DropDownRowView.swift; sourceTree = "<group>"; };
		438B7B642B1B59C500EB2EAB /* DropDownButtonStyle.swift */ = {isa = PBXFileReference; lastKnownFileType = sourcecode.swift; path = DropDownButtonStyle.swift; sourceTree = "<group>"; };
		43BBB5B32B1B3F0500901BE8 /* DropDownList.app */ = {isa = PBXFileReference; explicitFileType = wrapper.application; includeInIndex = 0; path = DropDownList.app; sourceTree = BUILT_PRODUCTS_DIR; };
		43BBB5B62B1B3F0500901BE8 /* DropDownListApp.swift */ = {isa = PBXFileReference; lastKnownFileType = sourcecode.swift; path = DropDownListApp.swift; sourceTree = "<group>"; };
		43BBB5B82B1B3F0500901BE8 /* ContentView.swift */ = {isa = PBXFileReference; lastKnownFileType = sourcecode.swift; path = ContentView.swift; sourceTree = "<group>"; };
		43BBB5BA2B1B3F0600901BE8 /* Assets.xcassets */ = {isa = PBXFileReference; lastKnownFileType = folder.assetcatalog; path = Assets.xcassets; sourceTree = "<group>"; };
		43BBB5BD2B1B3F0600901BE8 /* Preview Assets.xcassets */ = {isa = PBXFileReference; lastKnownFileType = folder.assetcatalog; path = "Preview Assets.xcassets"; sourceTree = "<group>"; };
/* End PBXFileReference section */

/* Begin PBXFrameworksBuildPhase section */
		43BBB5B02B1B3F0500901BE8 /* Frameworks */ = {
			isa = PBXFrameworksBuildPhase;
			buildActionMask = 2147483647;
			files = (
			);
			runOnlyForDeploymentPostprocessing = 0;
		};
/* End PBXFrameworksBuildPhase section */

/* Begin PBXGroup section */
		4313EA362B1BAF7900939C95 /* Helpers */ = {
			isa = PBXGroup;
			children = (
				4313EA372B1BAF8500939C95 /* BoundsPreference.swift */,
				4313EA3B2B1BB21800939C95 /* DropDown */,
			);
			path = Helpers;
			sourceTree = "<group>";
		};
		4313EA3B2B1BB21800939C95 /* DropDown */ = {
			isa = PBXGroup;
			children = (
				4313EA3C2B1BB24F00939C95 /* DropDownManager.swift */,
				4313EA392B1BB1D100939C95 /* DropDownModifier.swift */,
				4313EA342B1BA67D00939C95 /* DropDownMenuView.swift */,
				438B7B612B1B598900EB2EAB /* DropDownRowView.swift */,
			);
			path = DropDown;
			sourceTree = "<group>";
		};
		438B7B592B1B591A00EB2EAB /* Model */ = {
			isa = PBXGroup;
			children = (
				438B7B5A2B1B592400EB2EAB /* Opinion.swift */,
			);
			path = Model;
			sourceTree = "<group>";
		};
		438B7B5E2B1B594C00EB2EAB /* View */ = {
			isa = PBXGroup;
			children = (
				438B7B5F2B1B595900EB2EAB /* DropDownListView.swift */,
			);
			path = View;
			sourceTree = "<group>";
		};
		438B7B632B1B59AB00EB2EAB /* Styles */ = {
			isa = PBXGroup;
			children = (
				438B7B642B1B59C500EB2EAB /* DropDownButtonStyle.swift */,
			);
			path = Styles;
			sourceTree = "<group>";
		};
		43BBB5AA2B1B3F0500901BE8 = {
			isa = PBXGroup;
			children = (
				43BBB5B52B1B3F0500901BE8 /* DropDownList */,
				43BBB5B42B1B3F0500901BE8 /* Products */,
			);
			sourceTree = "<group>";
		};
		43BBB5B42B1B3F0500901BE8 /* Products */ = {
			isa = PBXGroup;
			children = (
				43BBB5B32B1B3F0500901BE8 /* DropDownList.app */,
			);
			name = Products;
			sourceTree = "<group>";
		};
		43BBB5B52B1B3F0500901BE8 /* DropDownList */ = {
			isa = PBXGroup;
			children = (
				43BBB5B62B1B3F0500901BE8 /* DropDownListApp.swift */,
				43BBB5B82B1B3F0500901BE8 /* ContentView.swift */,
				4313EA362B1BAF7900939C95 /* Helpers */,
				438B7B592B1B591A00EB2EAB /* Model */,
				438B7B5E2B1B594C00EB2EAB /* View */,
				438B7B632B1B59AB00EB2EAB /* Styles */,
				43BBB5BA2B1B3F0600901BE8 /* Assets.xcassets */,
				43BBB5BC2B1B3F0600901BE8 /* Preview Content */,
			);
			path = DropDownList;
			sourceTree = "<group>";
		};
		43BBB5BC2B1B3F0600901BE8 /* Preview Content */ = {
			isa = PBXGroup;
			children = (
				43BBB5BD2B1B3F0600901BE8 /* Preview Assets.xcassets */,
			);
			path = "Preview Content";
			sourceTree = "<group>";
		};
/* End PBXGroup section */

/* Begin PBXNativeTarget section */
		43BBB5B22B1B3F0500901BE8 /* DropDownList */ = {
			isa = PBXNativeTarget;
			buildConfigurationList = 43BBB5C12B1B3F0600901BE8 /* Build configuration list for PBXNativeTarget "DropDownList" */;
			buildPhases = (
				43BBB5AF2B1B3F0500901BE8 /* Sources */,
				43BBB5B02B1B3F0500901BE8 /* Frameworks */,
				43BBB5B12B1B3F0500901BE8 /* Resources */,
			);
			buildRules = (
			);
			dependencies = (
			);
			name = DropDownList;
			productName = DropDownList;
			productReference = 43BBB5B32B1B3F0500901BE8 /* DropDownList.app */;
			productType = "com.apple.product-type.application";
		};
/* End PBXNativeTarget section */

/* Begin PBXProject section */
		43BBB5AB2B1B3F0500901BE8 /* Project object */ = {
			isa = PBXProject;
			attributes = {
				BuildIndependentTargetsInParallel = 1;
				LastSwiftUpdateCheck = 1500;
				LastUpgradeCheck = 1500;
				TargetAttributes = {
					43BBB5B22B1B3F0500901BE8 = {
						CreatedOnToolsVersion = 15.0;
					};
				};
			};
			buildConfigurationList = 43BBB5AE2B1B3F0500901BE8 /* Build configuration list for PBXProject "DropDownList" */;
			compatibilityVersion = "Xcode 14.0";
			developmentRegion = en;
			hasScannedForEncodings = 0;
			knownRegions = (
				en,
				Base,
			);
			mainGroup = 43BBB5AA2B1B3F0500901BE8;
			productRefGroup = 43BBB5B42B1B3F0500901BE8 /* Products */;
			projectDirPath = "";
			projectRoot = "";
			targets = (
				43BBB5B22B1B3F0500901BE8 /* DropDownList */,
			);
		};
/* End PBXProject section */

/* Begin PBXResourcesBuildPhase section */
		43BBB5B12B1B3F0500901BE8 /* Resources */ = {
			isa = PBXResourcesBuildPhase;
			buildActionMask = 2147483647;
			files = (
				43BBB5BE2B1B3F0600901BE8 /* Preview Assets.xcassets in Resources */,
				43BBB5BB2B1B3F0600901BE8 /* Assets.xcassets in Resources */,
			);
			runOnlyForDeploymentPostprocessing = 0;
		};
/* End PBXResourcesBuildPhase section */

/* Begin PBXSourcesBuildPhase section */
		43BBB5AF2B1B3F0500901BE8 /* Sources */ = {
			isa = PBXSourcesBuildPhase;
			buildActionMask = 2147483647;
			files = (
				438B7B652B1B59C500EB2EAB /* DropDownButtonStyle.swift in Sources */,
				43BBB5B92B1B3F0500901BE8 /* ContentView.swift in Sources */,
				4313EA352B1BA67D00939C95 /* DropDownMenuView.swift in Sources */,
				4313EA382B1BAF8500939C95 /* BoundsPreference.swift in Sources */,
				438B7B602B1B595900EB2EAB /* DropDownListView.swift in Sources */,
				4313EA3A2B1BB1D100939C95 /* DropDownModifier.swift in Sources */,
				4313EA3D2B1BB24F00939C95 /* DropDownManager.swift in Sources */,
				43BBB5B72B1B3F0500901BE8 /* DropDownListApp.swift in Sources */,
				438B7B622B1B598900EB2EAB /* DropDownRowView.swift in Sources */,
				438B7B5B2B1B592400EB2EAB /* Opinion.swift in Sources */,
			);
			runOnlyForDeploymentPostprocessing = 0;
		};
/* End PBXSourcesBuildPhase section */

/* Begin XCBuildConfiguration section */
		43BBB5BF2B1B3F0600901BE8 /* Debug */ = {
			isa = XCBuildConfiguration;
			buildSettings = {
				ALWAYS_SEARCH_USER_PATHS = NO;
				ASSETCATALOG_COMPILER_GENERATE_SWIFT_ASSET_SYMBOL_EXTENSIONS = YES;
				CLANG_ANALYZER_NONNULL = YES;
				CLANG_ANALYZER_NUMBER_OBJECT_CONVERSION = YES_AGGRESSIVE;
				CLANG_CXX_LANGUAGE_STANDARD = "gnu++20";
				CLANG_ENABLE_MODULES = YES;
				CLANG_ENABLE_OBJC_ARC = YES;
				CLANG_ENABLE_OBJC_WEAK = YES;
				CLANG_WARN_BLOCK_CAPTURE_AUTORELEASING = YES;
				CLANG_WARN_BOOL_CONVERSION = YES;
				CLANG_WARN_COMMA = YES;
				CLANG_WARN_CONSTANT_CONVERSION = YES;
				CLANG_WARN_DEPRECATED_OBJC_IMPLEMENTATIONS = YES;
				CLANG_WARN_DIRECT_OBJC_ISA_USAGE = YES_ERROR;
				CLANG_WARN_DOCUMENTATION_COMMENTS = YES;
				CLANG_WARN_EMPTY_BODY = YES;
				CLANG_WARN_ENUM_CONVERSION = YES;
				CLANG_WARN_INFINITE_RECURSION = YES;
				CLANG_WARN_INT_CONVERSION = YES;
				CLANG_WARN_NON_LITERAL_NULL_CONVERSION = YES;
				CLANG_WARN_OBJC_IMPLICIT_RETAIN_SELF = YES;
				CLANG_WARN_OBJC_LITERAL_CONVERSION = YES;
				CLANG_WARN_OBJC_ROOT_CLASS = YES_ERROR;
				CLANG_WARN_QUOTED_INCLUDE_IN_FRAMEWORK_HEADER = YES;
				CLANG_WARN_RANGE_LOOP_ANALYSIS = YES;
				CLANG_WARN_STRICT_PROTOTYPES = YES;
				CLANG_WARN_SUSPICIOUS_MOVE = YES;
				CLANG_WARN_UNGUARDED_AVAILABILITY = YES_AGGRESSIVE;
				CLANG_WARN_UNREACHABLE_CODE = YES;
				CLANG_WARN__DUPLICATE_METHOD_MATCH = YES;
				COPY_PHASE_STRIP = NO;
				DEBUG_INFORMATION_FORMAT = dwarf;
				ENABLE_STRICT_OBJC_MSGSEND = YES;
				ENABLE_TESTABILITY = YES;
				ENABLE_USER_SCRIPT_SANDBOXING = YES;
				GCC_C_LANGUAGE_STANDARD = gnu17;
				GCC_DYNAMIC_NO_PIC = NO;
				GCC_NO_COMMON_BLOCKS = YES;
				GCC_OPTIMIZATION_LEVEL = 0;
				GCC_PREPROCESSOR_DEFINITIONS = (
					"DEBUG=1",
					"$(inherited)",
				);
				GCC_WARN_64_TO_32_BIT_CONVERSION = YES;
				GCC_WARN_ABOUT_RETURN_TYPE = YES_ERROR;
				GCC_WARN_UNDECLARED_SELECTOR = YES;
				GCC_WARN_UNINITIALIZED_AUTOS = YES_AGGRESSIVE;
				GCC_WARN_UNUSED_FUNCTION = YES;
				GCC_WARN_UNUSED_VARIABLE = YES;
				IPHONEOS_DEPLOYMENT_TARGET = 17.0;
				LOCALIZATION_PREFERS_STRING_CATALOGS = YES;
				MTL_ENABLE_DEBUG_INFO = INCLUDE_SOURCE;
				MTL_FAST_MATH = YES;
				ONLY_ACTIVE_ARCH = YES;
				SDKROOT = iphoneos;
				SWIFT_ACTIVE_COMPILATION_CONDITIONS = "DEBUG $(inherited)";
				SWIFT_OPTIMIZATION_LEVEL = "-Onone";
			};
			name = Debug;
		};
		43BBB5C02B1B3F0600901BE8 /* Release */ = {
			isa = XCBuildConfiguration;
			buildSettings = {
				ALWAYS_SEARCH_USER_PATHS = NO;
				ASSETCATALOG_COMPILER_GENERATE_SWIFT_ASSET_SYMBOL_EXTENSIONS = YES;
				CLANG_ANALYZER_NONNULL = YES;
				CLANG_ANALYZER_NUMBER_OBJECT_CONVERSION = YES_AGGRESSIVE;
				CLANG_CXX_LANGUAGE_STANDARD = "gnu++20";
				CLANG_ENABLE_MODULES = YES;
				CLANG_ENABLE_OBJC_ARC = YES;
				CLANG_ENABLE_OBJC_WEAK = YES;
				CLANG_WARN_BLOCK_CAPTURE_AUTORELEASING = YES;
				CLANG_WARN_BOOL_CONVERSION = YES;
				CLANG_WARN_COMMA = YES;
				CLANG_WARN_CONSTANT_CONVERSION = YES;
				CLANG_WARN_DEPRECATED_OBJC_IMPLEMENTATIONS = YES;
				CLANG_WARN_DIRECT_OBJC_ISA_USAGE = YES_ERROR;
				CLANG_WARN_DOCUMENTATION_COMMENTS = YES;
				CLANG_WARN_EMPTY_BODY = YES;
				CLANG_WARN_ENUM_CONVERSION = YES;
				CLANG_WARN_INFINITE_RECURSION = YES;
				CLANG_WARN_INT_CONVERSION = YES;
				CLANG_WARN_NON_LITERAL_NULL_CONVERSION = YES;
				CLANG_WARN_OBJC_IMPLICIT_RETAIN_SELF = YES;
				CLANG_WARN_OBJC_LITERAL_CONVERSION = YES;
				CLANG_WARN_OBJC_ROOT_CLASS = YES_ERROR;
				CLANG_WARN_QUOTED_INCLUDE_IN_FRAMEWORK_HEADER = YES;
				CLANG_WARN_RANGE_LOOP_ANALYSIS = YES;
				CLANG_WARN_STRICT_PROTOTYPES = YES;
				CLANG_WARN_SUSPICIOUS_MOVE = YES;
				CLANG_WARN_UNGUARDED_AVAILABILITY = YES_AGGRESSIVE;
				CLANG_WARN_UNREACHABLE_CODE = YES;
				CLANG_WARN__DUPLICATE_METHOD_MATCH = YES;
				COPY_PHASE_STRIP = NO;
				DEBUG_INFORMATION_FORMAT = "dwarf-with-dsym";
				ENABLE_NS_ASSERTIONS = NO;
				ENABLE_STRICT_OBJC_MSGSEND = YES;
				ENABLE_USER_SCRIPT_SANDBOXING = YES;
				GCC_C_LANGUAGE_STANDARD = gnu17;
				GCC_NO_COMMON_BLOCKS = YES;
				GCC_WARN_64_TO_32_BIT_CONVERSION = YES;
				GCC_WARN_ABOUT_RETURN_TYPE = YES_ERROR;
				GCC_WARN_UNDECLARED_SELECTOR = YES;
				GCC_WARN_UNINITIALIZED_AUTOS = YES_AGGRESSIVE;
				GCC_WARN_UNUSED_FUNCTION = YES;
				GCC_WARN_UNUSED_VARIABLE = YES;
				IPHONEOS_DEPLOYMENT_TARGET = 17.0;
				LOCALIZATION_PREFERS_STRING_CATALOGS = YES;
				MTL_ENABLE_DEBUG_INFO = NO;
				MTL_FAST_MATH = YES;
				SDKROOT = iphoneos;
				SWIFT_COMPILATION_MODE = wholemodule;
				VALIDATE_PRODUCT = YES;
			};
			name = Release;
		};
		43BBB5C22B1B3F0600901BE8 /* Debug */ = {
			isa = XCBuildConfiguration;
			buildSettings = {
				ASSETCATALOG_COMPILER_APPICON_NAME = AppIcon;
				ASSETCATALOG_COMPILER_GLOBAL_ACCENT_COLOR_NAME = AccentColor;
				CODE_SIGN_STYLE = Automatic;
				CURRENT_PROJECT_VERSION = 1;
				DEVELOPMENT_ASSET_PATHS = "\"DropDownList/Preview Content\"";
				DEVELOPMENT_TEAM = 72SVK4HY2X;
				ENABLE_PREVIEWS = YES;
				GENERATE_INFOPLIST_FILE = YES;
				INFOPLIST_KEY_UIApplicationSceneManifest_Generation = YES;
				INFOPLIST_KEY_UIApplicationSupportsIndirectInputEvents = YES;
				INFOPLIST_KEY_UILaunchScreen_Generation = YES;
				INFOPLIST_KEY_UIStatusBarStyle = UIStatusBarStyleLightContent;
				INFOPLIST_KEY_UISupportedInterfaceOrientations = UIInterfaceOrientationPortrait;
				IPHONEOS_DEPLOYMENT_TARGET = 17.0;
				LD_RUNPATH_SEARCH_PATHS = (
					"$(inherited)",
					"@executable_path/Frameworks",
				);
				MARKETING_VERSION = 1.0;
				PRODUCT_BUNDLE_IDENTIFIER = com.DropDownList;
				PRODUCT_NAME = "$(TARGET_NAME)";
				SWIFT_EMIT_LOC_STRINGS = YES;
				SWIFT_VERSION = 5.0;
				TARGETED_DEVICE_FAMILY = "1,2";
			};
			name = Debug;
		};
		43BBB5C32B1B3F0600901BE8 /* Release */ = {
			isa = XCBuildConfiguration;
			buildSettings = {
				ASSETCATALOG_COMPILER_APPICON_NAME = AppIcon;
				ASSETCATALOG_COMPILER_GLOBAL_ACCENT_COLOR_NAME = AccentColor;
				CODE_SIGN_STYLE = Automatic;
				CURRENT_PROJECT_VERSION = 1;
				DEVELOPMENT_ASSET_PATHS = "\"DropDownList/Preview Content\"";
				DEVELOPMENT_TEAM = 72SVK4HY2X;
				ENABLE_PREVIEWS = YES;
				GENERATE_INFOPLIST_FILE = YES;
				INFOPLIST_KEY_UIApplicationSceneManifest_Generation = YES;
				INFOPLIST_KEY_UIApplicationSupportsIndirectInputEvents = YES;
				INFOPLIST_KEY_UILaunchScreen_Generation = YES;
				INFOPLIST_KEY_UIStatusBarStyle = UIStatusBarStyleLightContent;
				INFOPLIST_KEY_UISupportedInterfaceOrientations = UIInterfaceOrientationPortrait;
				IPHONEOS_DEPLOYMENT_TARGET = 17.0;
				LD_RUNPATH_SEARCH_PATHS = (
					"$(inherited)",
					"@executable_path/Frameworks",
				);
				MARKETING_VERSION = 1.0;
				PRODUCT_BUNDLE_IDENTIFIER = com.DropDownList;
				PRODUCT_NAME = "$(TARGET_NAME)";
				SWIFT_EMIT_LOC_STRINGS = YES;
				SWIFT_VERSION = 5.0;
				TARGETED_DEVICE_FAMILY = "1,2";
			};
			name = Release;
		};
/* End XCBuildConfiguration section */

/* Begin XCConfigurationList section */
		43BBB5AE2B1B3F0500901BE8 /* Build configuration list for PBXProject "DropDownList" */ = {
			isa = XCConfigurationList;
			buildConfigurations = (
				43BBB5BF2B1B3F0600901BE8 /* Debug */,
				43BBB5C02B1B3F0600901BE8 /* Release */,
			);
			defaultConfigurationIsVisible = 0;
			defaultConfigurationName = Release;
		};
		43BBB5C12B1B3F0600901BE8 /* Build configuration list for PBXNativeTarget "DropDownList" */ = {
			isa = XCConfigurationList;
			buildConfigurations = (
				43BBB5C22B1B3F0600901BE8 /* Debug */,
				43BBB5C32B1B3F0600901BE8 /* Release */,
			);
			defaultConfigurationIsVisible = 0;
			defaultConfigurationName = Release;
		};
/* End XCConfigurationList section */
	};
	rootObject = 43BBB5AB2B1B3F0500901BE8 /* Project object */;
}
